
Microsoft Visual Studio Solution File, Format Version 12.00
# Visual Studio 15
VisualStudioVersion = 15.0.26124.0
MinimumVisualStudioVersion = 15.0.26124.0
Project("{2150E333-8FDC-42A3-9474-1A3956D46DE8}") = "src", "src", "{A5B6AE29-560A-4FD2-AE9A-8520E8F2EBBC}"
EndProject
Project("{FAE04EC0-301F-11D3-BF4B-00C04F79EFBC}") = "Specify", "src\Specify\Specify.csproj", "{FAEADC42-26AB-4892-A84E-A12C0B378798}"
EndProject
Project("{2150E333-8FDC-42A3-9474-1A3956D46DE8}") = "test", "test", "{E79DE30E-C6D2-4100-9D14-9349CF44DEB4}"
EndProject
Project("{FAE04EC0-301F-11D3-BF4B-00C04F79EFBC}") = "Specify.Tests", "test\Specify.Tests\Specify.Tests.csproj", "{AF1827DA-3CA1-4563-8FA6-53D461D91A91}"
EndProject
Global
	GlobalSection(SolutionConfigurationPlatforms) = preSolution
		Debug|Any CPU = Debug|Any CPU
		Debug|x64 = Debug|x64
		Debug|x86 = Debug|x86
		Release|Any CPU = Release|Any CPU
		Release|x64 = Release|x64
		Release|x86 = Release|x86
	EndGlobalSection
	GlobalSection(SolutionProperties) = preSolution
		HideSolutionNode = FALSE
	EndGlobalSection
	GlobalSection(ProjectConfigurationPlatforms) = postSolution
		{FAEADC42-26AB-4892-A84E-A12C0B378798}.Debug|Any CPU.ActiveCfg = Debug|Any CPU
		{FAEADC42-26AB-4892-A84E-A12C0B378798}.Debug|Any CPU.Build.0 = Debug|Any CPU
		{FAEADC42-26AB-4892-A84E-A12C0B378798}.Debug|x64.ActiveCfg = Debug|Any CPU
		{FAEADC42-26AB-4892-A84E-A12C0B378798}.Debug|x64.Build.0 = Debug|Any CPU
		{FAEADC42-26AB-4892-A84E-A12C0B378798}.Debug|x86.ActiveCfg = Debug|Any CPU
		{FAEADC42-26AB-4892-A84E-A12C0B378798}.Debug|x86.Build.0 = Debug|Any CPU
		{FAEADC42-26AB-4892-A84E-A12C0B378798}.Release|Any CPU.ActiveCfg = Release|Any CPU
		{FAEADC42-26AB-4892-A84E-A12C0B378798}.Release|Any CPU.Build.0 = Release|Any CPU
		{FAEADC42-26AB-4892-A84E-A12C0B378798}.Release|x64.ActiveCfg = Release|Any CPU
		{FAEADC42-26AB-4892-A84E-A12C0B378798}.Release|x64.Build.0 = Release|Any CPU
		{FAEADC42-26AB-4892-A84E-A12C0B378798}.Release|x86.ActiveCfg = Release|Any CPU
		{FAEADC42-26AB-4892-A84E-A12C0B378798}.Release|x86.Build.0 = Release|Any CPU
		{AF1827DA-3CA1-4563-8FA6-53D461D91A91}.Debug|Any CPU.ActiveCfg = Debug|Any CPU
		{AF1827DA-3CA1-4563-8FA6-53D461D91A91}.Debug|Any CPU.Build.0 = Debug|Any CPU
		{AF1827DA-3CA1-4563-8FA6-53D461D91A91}.Debug|x64.ActiveCfg = Debug|Any CPU
		{AF1827DA-3CA1-4563-8FA6-53D461D91A91}.Debug|x64.Build.0 = Debug|Any CPU
		{AF1827DA-3CA1-4563-8FA6-53D461D91A91}.Debug|x86.ActiveCfg = Debug|Any CPU
		{AF1827DA-3CA1-4563-8FA6-53D461D91A91}.Debug|x86.Build.0 = Debug|Any CPU
		{AF1827DA-3CA1-4563-8FA6-53D461D91A91}.Release|Any CPU.ActiveCfg = Release|Any CPU
		{AF1827DA-3CA1-4563-8FA6-53D461D91A91}.Release|Any CPU.Build.0 = Release|Any CPU
		{AF1827DA-3CA1-4563-8FA6-53D461D91A91}.Release|x64.ActiveCfg = Release|Any CPU
		{AF1827DA-3CA1-4563-8FA6-53D461D91A91}.Release|x64.Build.0 = Release|Any CPU
		{AF1827DA-3CA1-4563-8FA6-53D461D91A91}.Release|x86.ActiveCfg = Release|Any CPU
		{AF1827DA-3CA1-4563-8FA6-53D461D91A91}.Release|x86.Build.0 = Release|Any CPU
	EndGlobalSection
	GlobalSection(NestedProjects) = preSolution
		{FAEADC42-26AB-4892-A84E-A12C0B378798} = {A5B6AE29-560A-4FD2-AE9A-8520E8F2EBBC}
		{AF1827DA-3CA1-4563-8FA6-53D461D91A91} = {E79DE30E-C6D2-4100-9D14-9349CF44DEB4}
	EndGlobalSection
EndGlobal
